
Microsoft Visual Studio Solution File, Format Version 12.00
# Visual Studio Version 17
VisualStudioVersion = 17.10.34928.147
MinimumVisualStudioVersion = 10.0.40219.1
Project("{FAE04EC0-301F-11D3-BF4B-00C04F79EFBC}") = "Camping-Booking", "Camping-Booking\Camping-Booking.csproj", "{642FBA9F-A507-45E0-8347-AB6A247800E5}"
EndProject
Global
	GlobalSection(SolutionConfigurationPlatforms) = preSolution
		Debug|Any CPU = Debug|Any CPU
		Release|Any CPU = Release|Any CPU
	EndGlobalSection
	GlobalSection(ProjectConfigurationPlatforms) = postSolution
		{642FBA9F-A507-45E0-8347-AB6A247800E5}.Debug|Any CPU.ActiveCfg = Debug|Any CPU
		{642FBA9F-A507-45E0-8347-AB6A247800E5}.Debug|Any CPU.Build.0 = Debug|Any CPU
		{642FBA9F-A507-45E0-8347-AB6A247800E5}.Release|Any CPU.ActiveCfg = Release|Any CPU
		{642FBA9F-A507-45E0-8347-AB6A247800E5}.Release|Any CPU.Build.0 = Release|Any CPU
	EndGlobalSection
	GlobalSection(SolutionProperties) = preSolution
		HideSolutionNode = FALSE
	EndGlobalSection
	GlobalSection(ExtensibilityGlobals) = postSolution
		SolutionGuid = {E68965A6-181A-4E7F-B4AE-7C3CE4DFB807}
	EndGlobalSection
EndGlobal
